
Microsoft Visual Studio Solution File, Format Version 12.00
# Visual Studio Version 17
VisualStudioVersion = 17.0.31815.197
MinimumVisualStudioVersion = 10.0.40219.1
Project("{8BC9CEB8-8B4A-11D0-8D11-00A0C91BC942}") = "Stack_Linked_List1", "Stack_Linked_List1\Stack_Linked_List1.vcxproj", "{FA424A1B-6FA9-4403-94E1-A1C05D757C2A}"
EndProject
Global
	GlobalSection(SolutionConfigurationPlatforms) = preSolution
		Debug|x64 = Debug|x64
		Debug|x86 = Debug|x86
		Release|x64 = Release|x64
		Release|x86 = Release|x86
	EndGlobalSection
	GlobalSection(ProjectConfigurationPlatforms) = postSolution
		{FA424A1B-6FA9-4403-94E1-A1C05D757C2A}.Debug|x64.ActiveCfg = Debug|x64
		{FA424A1B-6FA9-4403-94E1-A1C05D757C2A}.Debug|x64.Build.0 = Debug|x64
		{FA424A1B-6FA9-4403-94E1-A1C05D757C2A}.Debug|x86.ActiveCfg = Debug|Win32
		{FA424A1B-6FA9-4403-94E1-A1C05D757C2A}.Debug|x86.Build.0 = Debug|Win32
		{FA424A1B-6FA9-4403-94E1-A1C05D757C2A}.Release|x64.ActiveCfg = Release|x64
		{FA424A1B-6FA9-4403-94E1-A1C05D757C2A}.Release|x64.Build.0 = Release|x64
		{FA424A1B-6FA9-4403-94E1-A1C05D757C2A}.Release|x86.ActiveCfg = Release|Win32
		{FA424A1B-6FA9-4403-94E1-A1C05D757C2A}.Release|x86.Build.0 = Release|Win32
	EndGlobalSection
	GlobalSection(SolutionProperties) = preSolution
		HideSolutionNode = FALSE
	EndGlobalSection
	GlobalSection(ExtensibilityGlobals) = postSolution
		SolutionGuid = {F5676CD6-A3E4-4E81-8F5F-9E322131DB8A}
	EndGlobalSection
EndGlobal
